
Microsoft Visual Studio Solution File, Format Version 12.00
# Visual Studio Version 17
VisualStudioVersion = 17.0.31903.59
MinimumVisualStudioVersion = 10.0.40219.1
Project("{9A19103F-16F7-4668-BE54-9A1E7A4F7556}") = "APILayer", "APILayer\APILayer.csproj", "{669FE45E-ABEB-44E4-A230-A7A4A792DB1A}"
EndProject
Project("{FAE04EC0-301F-11D3-BF4B-00C04F79EFBC}") = "Models", "Models\Models.csproj", "{DBF60156-8D76-4C63-ACC9-0BB743808795}"
EndProject
Project("{FAE04EC0-301F-11D3-BF4B-00C04F79EFBC}") = "DBAccess", "DBAccess\DBAccess.csproj", "{6BCBA36E-622E-4E65-9FFF-C1FCFC0A917F}"
EndProject
Project("{9A19103F-16F7-4668-BE54-9A1E7A4F7556}") = "UnitTests", "UnitTests\UnitTests.csproj", "{5C3D83A8-7F13-4E4B-98CD-66BE3F413667}"
EndProject
Project("{FAE04EC0-301F-11D3-BF4B-00C04F79EFBC}") = "LogicLayer", "LogicLayer\LogicLayer.csproj", "{648C89C0-6284-42C3-B381-8F176848527E}"
EndProject
Global
	GlobalSection(SolutionConfigurationPlatforms) = preSolution
		Debug|Any CPU = Debug|Any CPU
		Debug|x64 = Debug|x64
		Release|Any CPU = Release|Any CPU
		Release|x64 = Release|x64
	EndGlobalSection
	GlobalSection(ProjectConfigurationPlatforms) = postSolution
		{669FE45E-ABEB-44E4-A230-A7A4A792DB1A}.Debug|Any CPU.ActiveCfg = Debug|Any CPU
		{669FE45E-ABEB-44E4-A230-A7A4A792DB1A}.Debug|Any CPU.Build.0 = Debug|Any CPU
		{669FE45E-ABEB-44E4-A230-A7A4A792DB1A}.Debug|x64.ActiveCfg = Debug|Any CPU
		{669FE45E-ABEB-44E4-A230-A7A4A792DB1A}.Debug|x64.Build.0 = Debug|Any CPU
		{669FE45E-ABEB-44E4-A230-A7A4A792DB1A}.Release|Any CPU.ActiveCfg = Release|Any CPU
		{669FE45E-ABEB-44E4-A230-A7A4A792DB1A}.Release|Any CPU.Build.0 = Release|Any CPU
		{669FE45E-ABEB-44E4-A230-A7A4A792DB1A}.Release|x64.ActiveCfg = Release|Any CPU
		{DBF60156-8D76-4C63-ACC9-0BB743808795}.Debug|Any CPU.ActiveCfg = Debug|Any CPU
		{DBF60156-8D76-4C63-ACC9-0BB743808795}.Debug|Any CPU.Build.0 = Debug|Any CPU
		{DBF60156-8D76-4C63-ACC9-0BB743808795}.Debug|x64.ActiveCfg = Debug|Any CPU
		{DBF60156-8D76-4C63-ACC9-0BB743808795}.Debug|x64.Build.0 = Debug|Any CPU
		{DBF60156-8D76-4C63-ACC9-0BB743808795}.Release|Any CPU.ActiveCfg = Release|Any CPU
		{DBF60156-8D76-4C63-ACC9-0BB743808795}.Release|Any CPU.Build.0 = Release|Any CPU
		{DBF60156-8D76-4C63-ACC9-0BB743808795}.Release|x64.ActiveCfg = Release|Any CPU
		{DBF60156-8D76-4C63-ACC9-0BB743808795}.Release|x64.Build.0 = Release|Any CPU
		{6BCBA36E-622E-4E65-9FFF-C1FCFC0A917F}.Debug|Any CPU.ActiveCfg = Debug|Any CPU
		{6BCBA36E-622E-4E65-9FFF-C1FCFC0A917F}.Debug|Any CPU.Build.0 = Debug|Any CPU
		{6BCBA36E-622E-4E65-9FFF-C1FCFC0A917F}.Debug|x64.ActiveCfg = Debug|Any CPU
		{6BCBA36E-622E-4E65-9FFF-C1FCFC0A917F}.Debug|x64.Build.0 = Debug|Any CPU
		{6BCBA36E-622E-4E65-9FFF-C1FCFC0A917F}.Release|Any CPU.ActiveCfg = Release|Any CPU
		{6BCBA36E-622E-4E65-9FFF-C1FCFC0A917F}.Release|Any CPU.Build.0 = Release|Any CPU
		{6BCBA36E-622E-4E65-9FFF-C1FCFC0A917F}.Release|x64.ActiveCfg = Release|Any CPU
		{6BCBA36E-622E-4E65-9FFF-C1FCFC0A917F}.Release|x64.Build.0 = Release|Any CPU
		{5C3D83A8-7F13-4E4B-98CD-66BE3F413667}.Debug|Any CPU.ActiveCfg = Debug|Any CPU
		{5C3D83A8-7F13-4E4B-98CD-66BE3F413667}.Debug|Any CPU.Build.0 = Debug|Any CPU
		{5C3D83A8-7F13-4E4B-98CD-66BE3F413667}.Debug|x64.ActiveCfg = Debug|Any CPU
		{5C3D83A8-7F13-4E4B-98CD-66BE3F413667}.Debug|x64.Build.0 = Debug|Any CPU
		{5C3D83A8-7F13-4E4B-98CD-66BE3F413667}.Release|Any CPU.ActiveCfg = Release|Any CPU
		{5C3D83A8-7F13-4E4B-98CD-66BE3F413667}.Release|Any CPU.Build.0 = Release|Any CPU
		{5C3D83A8-7F13-4E4B-98CD-66BE3F413667}.Release|x64.ActiveCfg = Release|Any CPU
		{5C3D83A8-7F13-4E4B-98CD-66BE3F413667}.Release|x64.Build.0 = Release|Any CPU
		{648C89C0-6284-42C3-B381-8F176848527E}.Debug|Any CPU.ActiveCfg = Debug|Any CPU
		{648C89C0-6284-42C3-B381-8F176848527E}.Debug|Any CPU.Build.0 = Debug|Any CPU
		{648C89C0-6284-42C3-B381-8F176848527E}.Debug|x64.ActiveCfg = Debug|Any CPU
		{648C89C0-6284-42C3-B381-8F176848527E}.Debug|x64.Build.0 = Debug|Any CPU
		{648C89C0-6284-42C3-B381-8F176848527E}.Release|Any CPU.ActiveCfg = Release|Any CPU
		{648C89C0-6284-42C3-B381-8F176848527E}.Release|Any CPU.Build.0 = Release|Any CPU
		{648C89C0-6284-42C3-B381-8F176848527E}.Release|x64.ActiveCfg = Release|Any CPU
		{648C89C0-6284-42C3-B381-8F176848527E}.Release|x64.Build.0 = Release|Any CPU
	EndGlobalSection
	GlobalSection(SolutionProperties) = preSolution
		HideSolutionNode = FALSE
	EndGlobalSection
	GlobalSection(ExtensibilityGlobals) = postSolution
		SolutionGuid = {B8ABBB28-33CC-4842-BB84-B5F3CC2848F8}
	EndGlobalSection
EndGlobal
